
Microsoft Visual Studio Solution File, Format Version 12.00
# Visual Studio Version 16
VisualStudioVersion = 16.0.31019.35
MinimumVisualStudioVersion = 10.0.40219.1
Project("{FAE04EC0-301F-11D3-BF4B-00C04F79EFBC}") = "Scrabble2018", "Scrabble2018\Scrabble2018.csproj", "{4162BFAA-E305-40C9-923C-3FD3FD42566F}"
EndProject
Project("{FAE04EC0-301F-11D3-BF4B-00C04F79EFBC}") = "UnitTests", "UnitTests\UnitTests.csproj", "{483ECDA0-3CAC-4E5B-B35F-9419B0EEC834}"
EndProject
Global
	GlobalSection(SolutionConfigurationPlatforms) = preSolution
		Debug|Any CPU = Debug|Any CPU
		Release|Any CPU = Release|Any CPU
	EndGlobalSection
	GlobalSection(ProjectConfigurationPlatforms) = postSolution
		{4162BFAA-E305-40C9-923C-3FD3FD42566F}.Debug|Any CPU.ActiveCfg = Debug|Any CPU
		{4162BFAA-E305-40C9-923C-3FD3FD42566F}.Debug|Any CPU.Build.0 = Debug|Any CPU
		{4162BFAA-E305-40C9-923C-3FD3FD42566F}.Release|Any CPU.ActiveCfg = Release|Any CPU
		{4162BFAA-E305-40C9-923C-3FD3FD42566F}.Release|Any CPU.Build.0 = Release|Any CPU
		{483ECDA0-3CAC-4E5B-B35F-9419B0EEC834}.Debug|Any CPU.ActiveCfg = Debug|Any CPU
		{483ECDA0-3CAC-4E5B-B35F-9419B0EEC834}.Debug|Any CPU.Build.0 = Debug|Any CPU
		{483ECDA0-3CAC-4E5B-B35F-9419B0EEC834}.Release|Any CPU.ActiveCfg = Release|Any CPU
		{483ECDA0-3CAC-4E5B-B35F-9419B0EEC834}.Release|Any CPU.Build.0 = Release|Any CPU
	EndGlobalSection
	GlobalSection(SolutionProperties) = preSolution
		HideSolutionNode = FALSE
	EndGlobalSection
	GlobalSection(ExtensibilityGlobals) = postSolution
		SolutionGuid = {BC59E88E-FF43-406D-BC8C-2C58F2DC8621}
	EndGlobalSection
EndGlobal
